
Microsoft Visual Studio Solution File, Format Version 12.00
# Visual Studio Version 17
VisualStudioVersion = 17.6.33815.320
MinimumVisualStudioVersion = 10.0.40219.1
Project("{9A19103F-16F7-4668-BE54-9A1E7A4F7556}") = "MetricsManager", "MetricsManager\MetricsManager.csproj", "{40F1E026-8DE6-4441-A91A-FF77766795CE}"
EndProject
Project("{FAE04EC0-301F-11D3-BF4B-00C04F79EFBC}") = "MetricsAgent", "MetricsAgent\MetricsAgent.csproj", "{8BF905CB-3094-4DF8-9F22-36393E14B89D}"
EndProject
Project("{FAE04EC0-301F-11D3-BF4B-00C04F79EFBC}") = "MetricsManagerTests", "MetricsManagerTests\MetricsManagerTests.csproj", "{3FD1B74B-8425-4100-9A79-48573B546223}"
EndProject
Project("{FAE04EC0-301F-11D3-BF4B-00C04F79EFBC}") = "MetricsAgentTests", "MetricsAgentTests\MetricsAgentTests.csproj", "{BC2641AF-EF22-4BBC-88B6-0DDB67F9C6A8}"
EndProject
Global
	GlobalSection(SolutionConfigurationPlatforms) = preSolution
		Debug|Any CPU = Debug|Any CPU
		Release|Any CPU = Release|Any CPU
	EndGlobalSection
	GlobalSection(ProjectConfigurationPlatforms) = postSolution
		{40F1E026-8DE6-4441-A91A-FF77766795CE}.Debug|Any CPU.ActiveCfg = Debug|Any CPU
		{40F1E026-8DE6-4441-A91A-FF77766795CE}.Debug|Any CPU.Build.0 = Debug|Any CPU
		{40F1E026-8DE6-4441-A91A-FF77766795CE}.Release|Any CPU.ActiveCfg = Release|Any CPU
		{40F1E026-8DE6-4441-A91A-FF77766795CE}.Release|Any CPU.Build.0 = Release|Any CPU
		{8BF905CB-3094-4DF8-9F22-36393E14B89D}.Debug|Any CPU.ActiveCfg = Debug|Any CPU
		{8BF905CB-3094-4DF8-9F22-36393E14B89D}.Debug|Any CPU.Build.0 = Debug|Any CPU
		{8BF905CB-3094-4DF8-9F22-36393E14B89D}.Release|Any CPU.ActiveCfg = Release|Any CPU
		{8BF905CB-3094-4DF8-9F22-36393E14B89D}.Release|Any CPU.Build.0 = Release|Any CPU
		{3FD1B74B-8425-4100-9A79-48573B546223}.Debug|Any CPU.ActiveCfg = Debug|Any CPU
		{3FD1B74B-8425-4100-9A79-48573B546223}.Debug|Any CPU.Build.0 = Debug|Any CPU
		{3FD1B74B-8425-4100-9A79-48573B546223}.Release|Any CPU.ActiveCfg = Release|Any CPU
		{3FD1B74B-8425-4100-9A79-48573B546223}.Release|Any CPU.Build.0 = Release|Any CPU
		{BC2641AF-EF22-4BBC-88B6-0DDB67F9C6A8}.Debug|Any CPU.ActiveCfg = Debug|Any CPU
		{BC2641AF-EF22-4BBC-88B6-0DDB67F9C6A8}.Debug|Any CPU.Build.0 = Debug|Any CPU
		{BC2641AF-EF22-4BBC-88B6-0DDB67F9C6A8}.Release|Any CPU.ActiveCfg = Release|Any CPU
		{BC2641AF-EF22-4BBC-88B6-0DDB67F9C6A8}.Release|Any CPU.Build.0 = Release|Any CPU
	EndGlobalSection
	GlobalSection(SolutionProperties) = preSolution
		HideSolutionNode = FALSE
	EndGlobalSection
	GlobalSection(ExtensibilityGlobals) = postSolution
		SolutionGuid = {9510DB32-EDE4-4614-AF96-F21D62E34B89}
	EndGlobalSection
EndGlobal
